{
  "name": "@casl-store/findproducts",
  "version": "1.0.0",
  "lockfileVersion": 2,
  "requires": true,
  "packages": {
    "": {
      "name": "@casl-store/findproducts",
      "version": "1.0.0",
      "license": "ISC",
      "dependencies": {
        "services": "file:../../services"
      }
    },
    "../../services": {
      "version": "1.0.0",
      "license": "ISC",
      "dependencies": {
        "axios": "^0.21.4"
      }
    },
    "node_modules/services": {
      "resolved": "../../services",
      "link": true
    }
  },
  "dependencies": {
    "services": {
      "version": "file:../../services",
      "requires": {
        "axios": "^0.21.4"
      }
    }
  }
}
