{
  "name": "@casl-store/cors",
  "version": "1.0.0",
  "lockfileVersion": 2,
  "requires": true,
  "packages": {
    "": {
      "name": "@casl-store/cors",
      "version": "1.0.0",
      "license": "ISC",
      "dependencies": {
        "@architect/shared": "file:../services"
      }
    },
    "../services": {
      "name": "services",
      "version": "1.0.0",
      "license": "ISC",
      "dependencies": {
        "axios": "^0.21.4"
      }
    },
    "node_modules/@architect/shared": {
      "resolved": "../services",
      "link": true
    }
  },
  "dependencies": {
    "@architect/shared": {
      "version": "file:../services",
      "requires": {
        "axios": "^0.21.4"
      }
    }
  }
}
